
Microsoft Visual Studio Solution File, Format Version 12.00
# Visual Studio Version 17
VisualStudioVersion = 17.10.35027.167
MinimumVisualStudioVersion = 10.0.40219.1
Project("{FAE04EC0-301F-11D3-BF4B-00C04F79EFBC}") = "nauka", "nauka\nauka.csproj", "{1337806A-6074-41DD-929E-986F116A203B}"
EndProject
Global
	GlobalSection(SolutionConfigurationPlatforms) = preSolution
		Debug|Any CPU = Debug|Any CPU
		Release|Any CPU = Release|Any CPU
	EndGlobalSection
	GlobalSection(ProjectConfigurationPlatforms) = postSolution
		{1337806A-6074-41DD-929E-986F116A203B}.Debug|Any CPU.ActiveCfg = Debug|Any CPU
		{1337806A-6074-41DD-929E-986F116A203B}.Debug|Any CPU.Build.0 = Debug|Any CPU
		{1337806A-6074-41DD-929E-986F116A203B}.Release|Any CPU.ActiveCfg = Release|Any CPU
		{1337806A-6074-41DD-929E-986F116A203B}.Release|Any CPU.Build.0 = Release|Any CPU
	EndGlobalSection
	GlobalSection(SolutionProperties) = preSolution
		HideSolutionNode = FALSE
	EndGlobalSection
	GlobalSection(ExtensibilityGlobals) = postSolution
		SolutionGuid = {3DF9D063-F499-4D96-9112-405577267B0E}
	EndGlobalSection
EndGlobal
